
Microsoft Visual Studio Solution File, Format Version 12.00
# Visual Studio Version 16
VisualStudioVersion = 16.0.29201.188
MinimumVisualStudioVersion = 10.0.40219.1
Project("{FAE04EC0-301F-11D3-BF4B-00C04F79EFBC}") = "app.bsms", "app.bsms\app.bsms.csproj", "{4C649D94-85CF-408C-A77C-687A1C3E3BD3}"
EndProject
Project("{9A19103F-16F7-4668-BE54-9A1E7A4F7556}") = "Resources", "Resources\Resources.csproj", "{54A57023-D924-45BB-8041-6A2E3AA5AE73}"
EndProject
Project("{2150E333-8FDC-42A3-9474-1A3956D46DE8}") = "Solution Items", "Solution Items", "{5FD379A1-4F80-48AF-A313-AC6B1112A7D2}"
	ProjectSection(SolutionItems) = preProject
		.gitattributes = .gitattributes
		.gitignore = .gitignore
	EndProjectSection
EndProject
Global
	GlobalSection(SolutionConfigurationPlatforms) = preSolution
		Debug|Any CPU = Debug|Any CPU
		Release|Any CPU = Release|Any CPU
	EndGlobalSection
	GlobalSection(ProjectConfigurationPlatforms) = postSolution
		{4C649D94-85CF-408C-A77C-687A1C3E3BD3}.Debug|Any CPU.ActiveCfg = Debug|Any CPU
		{4C649D94-85CF-408C-A77C-687A1C3E3BD3}.Debug|Any CPU.Build.0 = Debug|Any CPU
		{4C649D94-85CF-408C-A77C-687A1C3E3BD3}.Release|Any CPU.ActiveCfg = Release|Any CPU
		{4C649D94-85CF-408C-A77C-687A1C3E3BD3}.Release|Any CPU.Build.0 = Release|Any CPU
		{54A57023-D924-45BB-8041-6A2E3AA5AE73}.Debug|Any CPU.ActiveCfg = Debug|Any CPU
		{54A57023-D924-45BB-8041-6A2E3AA5AE73}.Debug|Any CPU.Build.0 = Debug|Any CPU
		{54A57023-D924-45BB-8041-6A2E3AA5AE73}.Release|Any CPU.ActiveCfg = Release|Any CPU
		{54A57023-D924-45BB-8041-6A2E3AA5AE73}.Release|Any CPU.Build.0 = Release|Any CPU
	EndGlobalSection
	GlobalSection(SolutionProperties) = preSolution
		HideSolutionNode = FALSE
	EndGlobalSection
	GlobalSection(ExtensibilityGlobals) = postSolution
		SolutionGuid = {AE0219FA-91D4-41AE-87A9-185D3C451B21}
	EndGlobalSection
EndGlobal
