
Microsoft Visual Studio Solution File, Format Version 12.00
# Visual Studio 15
VisualStudioVersion = 15.0.26403.3
MinimumVisualStudioVersion = 10.0.40219.1
Project("{FAE04EC0-301F-11D3-BF4B-00C04F79EFBC}") = "app.bsms", "app.bsms\app.bsms.csproj", "{4C649D94-85CF-408C-A77C-687A1C3E3BD3}"
EndProject
Project("{FAE04EC0-301F-11D3-BF4B-00C04F79EFBC}") = "Resources", "Resources\Resources.csproj", "{54A57023-D924-45BB-8041-6A2E3AA5AE73}"
EndProject
Global
	GlobalSection(SolutionConfigurationPlatforms) = preSolution
		Debug|Any CPU = Debug|Any CPU
		Release|Any CPU = Release|Any CPU
	EndGlobalSection
	GlobalSection(ProjectConfigurationPlatforms) = postSolution
		{4C649D94-85CF-408C-A77C-687A1C3E3BD3}.Debug|Any CPU.ActiveCfg = Debug|Any CPU
		{4C649D94-85CF-408C-A77C-687A1C3E3BD3}.Debug|Any CPU.Build.0 = Debug|Any CPU
		{4C649D94-85CF-408C-A77C-687A1C3E3BD3}.Release|Any CPU.ActiveCfg = Release|Any CPU
		{4C649D94-85CF-408C-A77C-687A1C3E3BD3}.Release|Any CPU.Build.0 = Release|Any CPU
		{54A57023-D924-45BB-8041-6A2E3AA5AE73}.Debug|Any CPU.ActiveCfg = Debug|Any CPU
		{54A57023-D924-45BB-8041-6A2E3AA5AE73}.Debug|Any CPU.Build.0 = Debug|Any CPU
		{54A57023-D924-45BB-8041-6A2E3AA5AE73}.Release|Any CPU.ActiveCfg = Release|Any CPU
		{54A57023-D924-45BB-8041-6A2E3AA5AE73}.Release|Any CPU.Build.0 = Release|Any CPU
	EndGlobalSection
	GlobalSection(SolutionProperties) = preSolution
		HideSolutionNode = FALSE
	EndGlobalSection
EndGlobal
